
Microsoft Visual Studio Solution File, Format Version 12.00
# Visual Studio Version 17
VisualStudioVersion = 17.8.34525.116
MinimumVisualStudioVersion = 10.0.40219.1
Project("{FAE04EC0-301F-11D3-BF4B-00C04F79EFBC}") = "ResearchFilesStorage", "ResearchFilesStorage\ResearchFilesStorage.csproj", "{D5350806-AF2A-40D9-ADAE-6A79861BE0DE}"
EndProject
Project("{FAE04EC0-301F-11D3-BF4B-00C04F79EFBC}") = "RabbitMq", "RabbitMq\RabbitMq.csproj", "{4B0CA18C-244D-48B9-B967-6440C7633E00}"
EndProject
Project("{FAE04EC0-301F-11D3-BF4B-00C04F79EFBC}") = "FileProcessor", "FileProcessor\FileProcessor.csproj", "{D5F24BA1-CC1F-468B-989D-4A14688837DA}"
EndProject
Global
	GlobalSection(SolutionConfigurationPlatforms) = preSolution
		Debug|Any CPU = Debug|Any CPU
		Release|Any CPU = Release|Any CPU
	EndGlobalSection
	GlobalSection(ProjectConfigurationPlatforms) = postSolution
		{D5350806-AF2A-40D9-ADAE-6A79861BE0DE}.Debug|Any CPU.ActiveCfg = Debug|Any CPU
		{D5350806-AF2A-40D9-ADAE-6A79861BE0DE}.Debug|Any CPU.Build.0 = Debug|Any CPU
		{D5350806-AF2A-40D9-ADAE-6A79861BE0DE}.Release|Any CPU.ActiveCfg = Release|Any CPU
		{D5350806-AF2A-40D9-ADAE-6A79861BE0DE}.Release|Any CPU.Build.0 = Release|Any CPU
		{4B0CA18C-244D-48B9-B967-6440C7633E00}.Debug|Any CPU.ActiveCfg = Debug|Any CPU
		{4B0CA18C-244D-48B9-B967-6440C7633E00}.Debug|Any CPU.Build.0 = Debug|Any CPU
		{4B0CA18C-244D-48B9-B967-6440C7633E00}.Release|Any CPU.ActiveCfg = Release|Any CPU
		{4B0CA18C-244D-48B9-B967-6440C7633E00}.Release|Any CPU.Build.0 = Release|Any CPU
		{D5F24BA1-CC1F-468B-989D-4A14688837DA}.Debug|Any CPU.ActiveCfg = Debug|Any CPU
		{D5F24BA1-CC1F-468B-989D-4A14688837DA}.Debug|Any CPU.Build.0 = Debug|Any CPU
		{D5F24BA1-CC1F-468B-989D-4A14688837DA}.Release|Any CPU.ActiveCfg = Release|Any CPU
		{D5F24BA1-CC1F-468B-989D-4A14688837DA}.Release|Any CPU.Build.0 = Release|Any CPU
	EndGlobalSection
	GlobalSection(SolutionProperties) = preSolution
		HideSolutionNode = FALSE
	EndGlobalSection
	GlobalSection(ExtensibilityGlobals) = postSolution
		SolutionGuid = {DA832B4E-9342-4E10-AEE4-E307A19B2837}
	EndGlobalSection
EndGlobal
